
Microsoft Visual Studio Solution File, Format Version 12.00
# Visual Studio Version 17
VisualStudioVersion = 17.8.34330.188
MinimumVisualStudioVersion = 10.0.40219.1
Project("{FAE04EC0-301F-11D3-BF4B-00C04F79EFBC}") = "Application", "Application\Application.csproj", "{7255D001-1F06-48A0-B50B-24302BE54ED0}"
EndProject
Project("{FAE04EC0-301F-11D3-BF4B-00C04F79EFBC}") = "Domain", "Domain\Domain.csproj", "{55E3BBC0-50FA-4803-BF19-47C5D55CC7CF}"
EndProject
Project("{FAE04EC0-301F-11D3-BF4B-00C04F79EFBC}") = "Infrastructure", "Infrastructure\Infrastructure.csproj", "{41497452-28FF-4B55-9B3F-82CBAD03A000}"
EndProject
Project("{FAE04EC0-301F-11D3-BF4B-00C04F79EFBC}") = "WebApi", "WebApi\WebApi.csproj", "{19542662-1EAA-4FEA-BE1A-E6FF19A6E814}"
EndProject
Project("{FAE04EC0-301F-11D3-BF4B-00C04F79EFBC}") = "Common", "Common\Common.csproj", "{59610639-9783-4D61-BAF8-0F4F5D108B18}"
EndProject
Global
	GlobalSection(SolutionConfigurationPlatforms) = preSolution
		Debug|Any CPU = Debug|Any CPU
		Release|Any CPU = Release|Any CPU
	EndGlobalSection
	GlobalSection(ProjectConfigurationPlatforms) = postSolution
		{7255D001-1F06-48A0-B50B-24302BE54ED0}.Debug|Any CPU.ActiveCfg = Debug|Any CPU
		{7255D001-1F06-48A0-B50B-24302BE54ED0}.Debug|Any CPU.Build.0 = Debug|Any CPU
		{7255D001-1F06-48A0-B50B-24302BE54ED0}.Release|Any CPU.ActiveCfg = Release|Any CPU
		{7255D001-1F06-48A0-B50B-24302BE54ED0}.Release|Any CPU.Build.0 = Release|Any CPU
		{55E3BBC0-50FA-4803-BF19-47C5D55CC7CF}.Debug|Any CPU.ActiveCfg = Debug|Any CPU
		{55E3BBC0-50FA-4803-BF19-47C5D55CC7CF}.Debug|Any CPU.Build.0 = Debug|Any CPU
		{55E3BBC0-50FA-4803-BF19-47C5D55CC7CF}.Release|Any CPU.ActiveCfg = Release|Any CPU
		{55E3BBC0-50FA-4803-BF19-47C5D55CC7CF}.Release|Any CPU.Build.0 = Release|Any CPU
		{41497452-28FF-4B55-9B3F-82CBAD03A000}.Debug|Any CPU.ActiveCfg = Debug|Any CPU
		{41497452-28FF-4B55-9B3F-82CBAD03A000}.Debug|Any CPU.Build.0 = Debug|Any CPU
		{41497452-28FF-4B55-9B3F-82CBAD03A000}.Release|Any CPU.ActiveCfg = Release|Any CPU
		{41497452-28FF-4B55-9B3F-82CBAD03A000}.Release|Any CPU.Build.0 = Release|Any CPU
		{19542662-1EAA-4FEA-BE1A-E6FF19A6E814}.Debug|Any CPU.ActiveCfg = Debug|Any CPU
		{19542662-1EAA-4FEA-BE1A-E6FF19A6E814}.Debug|Any CPU.Build.0 = Debug|Any CPU
		{19542662-1EAA-4FEA-BE1A-E6FF19A6E814}.Release|Any CPU.ActiveCfg = Release|Any CPU
		{19542662-1EAA-4FEA-BE1A-E6FF19A6E814}.Release|Any CPU.Build.0 = Release|Any CPU
		{59610639-9783-4D61-BAF8-0F4F5D108B18}.Debug|Any CPU.ActiveCfg = Debug|Any CPU
		{59610639-9783-4D61-BAF8-0F4F5D108B18}.Debug|Any CPU.Build.0 = Debug|Any CPU
		{59610639-9783-4D61-BAF8-0F4F5D108B18}.Release|Any CPU.ActiveCfg = Release|Any CPU
		{59610639-9783-4D61-BAF8-0F4F5D108B18}.Release|Any CPU.Build.0 = Release|Any CPU
	EndGlobalSection
	GlobalSection(SolutionProperties) = preSolution
		HideSolutionNode = FALSE
	EndGlobalSection
	GlobalSection(ExtensibilityGlobals) = postSolution
		SolutionGuid = {1F4AF7C5-D37A-4FE4-9B02-756E200DF1EC}
	EndGlobalSection
EndGlobal
